
Microsoft Visual Studio Solution File, Format Version 12.00
# Visual Studio Version 16
VisualStudioVersion = 16.0.30804.86
MinimumVisualStudioVersion = 10.0.40219.1
Project("{FAE04EC0-301F-11D3-BF4B-00C04F79EFBC}") = "DaYang", "DaYang.csproj", "{9B72E753-EC7C-4BB8-ABFD-26D6C2B9763B}"
EndProject
Project("{FAE04EC0-301F-11D3-BF4B-00C04F79EFBC}") = "GPS_DaYang", "..\GPS_DaYang\GPS_DaYang.csproj", "{E4B563AC-84E5-45D5-B473-9E29E35B128D}"
EndProject
Project("{FAE04EC0-301F-11D3-BF4B-00C04F79EFBC}") = "LTE_DaYang", "..\LTE_DaYang\LTE_DaYang.csproj", "{237A60D6-7CB2-4894-86CB-66D7041BCFB0}"
EndProject
Project("{FAE04EC0-301F-11D3-BF4B-00C04F79EFBC}") = "Mytest", "..\Mytest\Mytest.csproj", "{EDB20E55-8A4A-402F-B75F-FB205921E28B}"
EndProject
Project("{FAE04EC0-301F-11D3-BF4B-00C04F79EFBC}") = "TextEditor", "..\TextEditor\TextEditor.csproj", "{C577540D-BA8C-49C4-95F0-4DF51793ABE8}"
EndProject
Global
	GlobalSection(SolutionConfigurationPlatforms) = preSolution
		Debug|Any CPU = Debug|Any CPU
		Release|Any CPU = Release|Any CPU
	EndGlobalSection
	GlobalSection(ProjectConfigurationPlatforms) = postSolution
		{9B72E753-EC7C-4BB8-ABFD-26D6C2B9763B}.Debug|Any CPU.ActiveCfg = Debug|Any CPU
		{9B72E753-EC7C-4BB8-ABFD-26D6C2B9763B}.Debug|Any CPU.Build.0 = Debug|Any CPU
		{9B72E753-EC7C-4BB8-ABFD-26D6C2B9763B}.Release|Any CPU.ActiveCfg = Release|Any CPU
		{9B72E753-EC7C-4BB8-ABFD-26D6C2B9763B}.Release|Any CPU.Build.0 = Release|Any CPU
		{E4B563AC-84E5-45D5-B473-9E29E35B128D}.Debug|Any CPU.ActiveCfg = Debug|Any CPU
		{E4B563AC-84E5-45D5-B473-9E29E35B128D}.Debug|Any CPU.Build.0 = Debug|Any CPU
		{E4B563AC-84E5-45D5-B473-9E29E35B128D}.Release|Any CPU.ActiveCfg = Release|Any CPU
		{E4B563AC-84E5-45D5-B473-9E29E35B128D}.Release|Any CPU.Build.0 = Release|Any CPU
		{237A60D6-7CB2-4894-86CB-66D7041BCFB0}.Debug|Any CPU.ActiveCfg = Debug|Any CPU
		{237A60D6-7CB2-4894-86CB-66D7041BCFB0}.Debug|Any CPU.Build.0 = Debug|Any CPU
		{237A60D6-7CB2-4894-86CB-66D7041BCFB0}.Release|Any CPU.ActiveCfg = Release|Any CPU
		{237A60D6-7CB2-4894-86CB-66D7041BCFB0}.Release|Any CPU.Build.0 = Release|Any CPU
		{EDB20E55-8A4A-402F-B75F-FB205921E28B}.Debug|Any CPU.ActiveCfg = Debug|Any CPU
		{EDB20E55-8A4A-402F-B75F-FB205921E28B}.Debug|Any CPU.Build.0 = Debug|Any CPU
		{EDB20E55-8A4A-402F-B75F-FB205921E28B}.Release|Any CPU.ActiveCfg = Release|Any CPU
		{EDB20E55-8A4A-402F-B75F-FB205921E28B}.Release|Any CPU.Build.0 = Release|Any CPU
		{C577540D-BA8C-49C4-95F0-4DF51793ABE8}.Debug|Any CPU.ActiveCfg = Debug|Any CPU
		{C577540D-BA8C-49C4-95F0-4DF51793ABE8}.Debug|Any CPU.Build.0 = Debug|Any CPU
		{C577540D-BA8C-49C4-95F0-4DF51793ABE8}.Release|Any CPU.ActiveCfg = Release|Any CPU
		{C577540D-BA8C-49C4-95F0-4DF51793ABE8}.Release|Any CPU.Build.0 = Release|Any CPU
	EndGlobalSection
	GlobalSection(SolutionProperties) = preSolution
		HideSolutionNode = FALSE
	EndGlobalSection
	GlobalSection(ExtensibilityGlobals) = postSolution
		SolutionGuid = {CA5D8178-A570-4B86-AEDA-3C91FAA91DDE}
	EndGlobalSection
EndGlobal
